<?xml version="1.0" encoding="UTF-8" standalone="yes" ?>
<CodeBlocks_project_file>
	<FileVersion major="1" minor="6" />
	<Project>
		<Option title="las2rings" />
		<Option pch_mode="2" />
		<Option compiler="gcc" />
		<Build>
			<Target title="Debug (POSIX)">
				<Option output="bin/Debug/las2rings" prefix_auto="1" extension_auto="1" />
				<Option object_output="obj/Debug/" />
				<Option type="1" />
				<Option compiler="gcc" />
				<Compiler>
					<Add option="-g" />
					<Add option="-D_DEBUG" />
					<Add option="-D_POSIX" />
					<Add directory="LASlib/inc" />
					<Add directory="LASzip/src" />
					<Add directory="UnitTest++" />
					<Add directory="include" />
				</Compiler>
			</Target>
			<Target title="Release (POSIX)">
				<Option output="bin/Release/las2rings" prefix_auto="1" extension_auto="1" />
				<Option object_output="obj/Release/" />
				<Option type="1" />
				<Option compiler="gcc" />
				<Compiler>
					<Add option="-O2" />
					<Add option="-D_POSIX" />
					<Add directory="LASlib/inc" />
					<Add directory="LASzip/src" />
					<Add directory="UnitTest++" />
					<Add directory="include" />
				</Compiler>
				<Linker>
					<Add option="-s" />
				</Linker>
			</Target>
			<Target title="Debug (Win)">
				<Option output="bin/Debug/las2rings" prefix_auto="1" extension_auto="1" />
				<Option object_output="obj/Debug/" />
				<Option type="1" />
				<Option compiler="gcc" />
				<Compiler>
					<Add option="-g" />
					<Add option="-D_DEBUG" />
					<Add option="-D_WIN32" />
					<Add directory="LASlib/inc" />
					<Add directory="LASzip/src" />
					<Add directory="UnitTest++" />
					<Add directory="include" />
				</Compiler>
			</Target>
			<Target title="Release (Win)">
				<Option output="bin/Release/las2rings" prefix_auto="1" extension_auto="1" />
				<Option object_output="obj/Release/" />
				<Option type="1" />
				<Option compiler="gcc" />
				<Compiler>
					<Add option="-O2" />
					<Add option="-D_WIN32" />
					<Add directory="LASlib/inc" />
					<Add directory="LASzip/src" />
					<Add directory="UnitTest++" />
					<Add directory="include" />
				</Compiler>
				<Linker>
					<Add option="-s" />
				</Linker>
			</Target>
		</Build>
		<Compiler>
			<Add option="-Wall" />
			<Add option="-fexceptions" />
		</Compiler>
		<Linker>
			<Add library="libLASlib.a" />
			<Add directory="lib" />
		</Linker>
		<Unit filename="main.cpp" />
		<Extensions>
			<code_completion />
			<envvars />
			<debugger />
			<DoxyBlocks>
				<comment_style block="0" line="0" />
				<doxyfile_project />
				<doxyfile_build />
				<doxyfile_warnings />
				<doxyfile_output />
				<doxyfile_dot />
				<general />
			</DoxyBlocks>
		</Extensions>
	</Project>
</CodeBlocks_project_file>
